
Microsoft Visual Studio Solution File, Format Version 12.00
# Visual Studio 2013
VisualStudioVersion = 12.0.31101.0
MinimumVisualStudioVersion = 10.0.40219.1
Project("{FAE04EC0-301F-11D3-BF4B-00C04F79EFBC}") = "Актуализация_Задач(ASP.NET Application)", "ASP.NET\Актуализация_Задач(ASP.NET Application).csproj", "{7983B23C-B934-4E02-9CD8-3C632CBDFEF3}"
EndProject
Project("{FAE04EC0-301F-11D3-BF4B-00C04F79EFBC}") = "Актуализация_Задач(Objects)", "Objects\Актуализация_Задач(Objects).csproj", "{03D02E35-248E-4660-961E-1AAC109D2EFC}"
EndProject
Global
	GlobalSection(SolutionConfigurationPlatforms) = preSolution
Debug|Any CPU = Debug|Any CPU
Release|Any CPU = Release|Any CPU
	EndGlobalSection
	GlobalSection(ProjectConfigurationPlatforms) = postSolution
		{7983B23C-B934-4E02-9CD8-3C632CBDFEF3}.Debug|Any CPU.ActiveCfg = Debug|Any CPU
		{7983B23C-B934-4E02-9CD8-3C632CBDFEF3}.Debug|Any CPU.Build.0 = Debug|Any CPU
		{7983B23C-B934-4E02-9CD8-3C632CBDFEF3}.Release|Any CPU.ActiveCfg = Release|Any CPU
		{7983B23C-B934-4E02-9CD8-3C632CBDFEF3}.Release|Any CPU.Build.0 = Release|Any CPU
		{03D02E35-248E-4660-961E-1AAC109D2EFC}.Debug|Any CPU.ActiveCfg = Debug|Any CPU
		{03D02E35-248E-4660-961E-1AAC109D2EFC}.Debug|Any CPU.Build.0 = Debug|Any CPU
		{03D02E35-248E-4660-961E-1AAC109D2EFC}.Release|Any CPU.ActiveCfg = Release|Any CPU
		{03D02E35-248E-4660-961E-1AAC109D2EFC}.Release|Any CPU.Build.0 = Release|Any CPU
	EndGlobalSection
	GlobalSection(SolutionProperties) = preSolution
		HideSolutionNode = FALSE
	EndGlobalSection
EndGlobal
